
Microsoft Visual Studio Solution File, Format Version 12.00
# Visual Studio Version 16
VisualStudioVersion = 16.0.31321.278
MinimumVisualStudioVersion = 10.0.40219.1
Project("{2150E333-8FDC-42A3-9474-1A3956D46DE8}") = "src", "src", "{018718F1-3450-45C2-8DCD-9E59819E6886}"
EndProject
Project("{2150E333-8FDC-42A3-9474-1A3956D46DE8}") = "test", "test", "{C69492D8-6CE9-4B13-A99B-2DA101D9C6FF}"
EndProject
Project("{2150E333-8FDC-42A3-9474-1A3956D46DE8}") = "API", "API", "{72A8B4B3-0D95-42F5-8D70-369AEFFA3A72}"
EndProject
Project("{2150E333-8FDC-42A3-9474-1A3956D46DE8}") = "Core", "Core", "{2A70CF07-8549-42BA-83EA-6E2F523F8D22}"
EndProject
Project("{2150E333-8FDC-42A3-9474-1A3956D46DE8}") = "Infrastructure", "Infrastructure", "{383BDA60-B2D8-459B-964A-66F1B9B88AE6}"
EndProject
Project("{9A19103F-16F7-4668-BE54-9A1E7A4F7556}") = "FakeBank.BankAPI.Domain", "FakeBank.BankAPI.Domain\FakeBank.BankAPI.Domain.csproj", "{D20B6661-7104-489E-AB16-33BB78725681}"
EndProject
Project("{9A19103F-16F7-4668-BE54-9A1E7A4F7556}") = "FakeBank.BankAPI.Application", "FakeBank.BankAPI.Application\FakeBank.BankAPI.Application.csproj", "{B1042101-1A1D-4C57-A8E1-94DBA230B9E2}"
EndProject
Project("{9A19103F-16F7-4668-BE54-9A1E7A4F7556}") = "FakeBank.BankAPI.Identity", "FakeBank.BankAPI.Identity\FakeBank.BankAPI.Identity.csproj", "{2BDCFB2F-F586-4E7A-AB13-D248CA48A3F0}"
EndProject
Project("{9A19103F-16F7-4668-BE54-9A1E7A4F7556}") = "FakeBank.BankAPI.Infrastructure", "FakeBank.BankAPI.Infrastructure\FakeBank.BankAPI.Infrastructure.csproj", "{45A9F6A7-15C6-447F-8409-A5C9545E36AF}"
EndProject
Project("{9A19103F-16F7-4668-BE54-9A1E7A4F7556}") = "FakeBank.BankAPI.Persitence", "FakeBank.BankAPI.Persitence\FakeBank.BankAPI.Persitence.csproj", "{2CB16856-DDBD-41B3-8F5B-FF840EE38444}"
EndProject
Project("{9A19103F-16F7-4668-BE54-9A1E7A4F7556}") = "FakeBank.BankAPI.Api", "FakeBank.BankAPI.Api\FakeBank.BankAPI.Api.csproj", "{C8044EB4-6E76-4988-8198-CB7975E38D98}"
EndProject
Project("{9A19103F-16F7-4668-BE54-9A1E7A4F7556}") = "FakeBank.BankAPI.UnitTests", "FakeBank.BankAPI.UnitTests\FakeBank.BankAPI.UnitTests.csproj", "{F95E69A2-72BE-4D0F-A4E7-599EAEE95DB8}"
EndProject
Project("{FAE04EC0-301F-11D3-BF4B-00C04F79EFBC}") = "FakeBank.BankAPI.IntegrationTests", "FakeBank.BankAPI.IntegrationTests\FakeBank.BankAPI.IntegrationTests.csproj", "{3D0BA7B2-C357-4E0A-A544-938614E75855}"
EndProject
Global
	GlobalSection(SolutionConfigurationPlatforms) = preSolution
		Debug|Any CPU = Debug|Any CPU
		Release|Any CPU = Release|Any CPU
	EndGlobalSection
	GlobalSection(ProjectConfigurationPlatforms) = postSolution
		{D20B6661-7104-489E-AB16-33BB78725681}.Debug|Any CPU.ActiveCfg = Debug|Any CPU
		{D20B6661-7104-489E-AB16-33BB78725681}.Debug|Any CPU.Build.0 = Debug|Any CPU
		{D20B6661-7104-489E-AB16-33BB78725681}.Release|Any CPU.ActiveCfg = Release|Any CPU
		{D20B6661-7104-489E-AB16-33BB78725681}.Release|Any CPU.Build.0 = Release|Any CPU
		{B1042101-1A1D-4C57-A8E1-94DBA230B9E2}.Debug|Any CPU.ActiveCfg = Debug|Any CPU
		{B1042101-1A1D-4C57-A8E1-94DBA230B9E2}.Debug|Any CPU.Build.0 = Debug|Any CPU
		{B1042101-1A1D-4C57-A8E1-94DBA230B9E2}.Release|Any CPU.ActiveCfg = Release|Any CPU
		{B1042101-1A1D-4C57-A8E1-94DBA230B9E2}.Release|Any CPU.Build.0 = Release|Any CPU
		{2BDCFB2F-F586-4E7A-AB13-D248CA48A3F0}.Debug|Any CPU.ActiveCfg = Debug|Any CPU
		{2BDCFB2F-F586-4E7A-AB13-D248CA48A3F0}.Debug|Any CPU.Build.0 = Debug|Any CPU
		{2BDCFB2F-F586-4E7A-AB13-D248CA48A3F0}.Release|Any CPU.ActiveCfg = Release|Any CPU
		{2BDCFB2F-F586-4E7A-AB13-D248CA48A3F0}.Release|Any CPU.Build.0 = Release|Any CPU
		{45A9F6A7-15C6-447F-8409-A5C9545E36AF}.Debug|Any CPU.ActiveCfg = Debug|Any CPU
		{45A9F6A7-15C6-447F-8409-A5C9545E36AF}.Debug|Any CPU.Build.0 = Debug|Any CPU
		{45A9F6A7-15C6-447F-8409-A5C9545E36AF}.Release|Any CPU.ActiveCfg = Release|Any CPU
		{45A9F6A7-15C6-447F-8409-A5C9545E36AF}.Release|Any CPU.Build.0 = Release|Any CPU
		{2CB16856-DDBD-41B3-8F5B-FF840EE38444}.Debug|Any CPU.ActiveCfg = Debug|Any CPU
		{2CB16856-DDBD-41B3-8F5B-FF840EE38444}.Debug|Any CPU.Build.0 = Debug|Any CPU
		{2CB16856-DDBD-41B3-8F5B-FF840EE38444}.Release|Any CPU.ActiveCfg = Release|Any CPU
		{2CB16856-DDBD-41B3-8F5B-FF840EE38444}.Release|Any CPU.Build.0 = Release|Any CPU
		{C8044EB4-6E76-4988-8198-CB7975E38D98}.Debug|Any CPU.ActiveCfg = Debug|Any CPU
		{C8044EB4-6E76-4988-8198-CB7975E38D98}.Debug|Any CPU.Build.0 = Debug|Any CPU
		{C8044EB4-6E76-4988-8198-CB7975E38D98}.Release|Any CPU.ActiveCfg = Release|Any CPU
		{C8044EB4-6E76-4988-8198-CB7975E38D98}.Release|Any CPU.Build.0 = Release|Any CPU
		{F95E69A2-72BE-4D0F-A4E7-599EAEE95DB8}.Debug|Any CPU.ActiveCfg = Debug|Any CPU
		{F95E69A2-72BE-4D0F-A4E7-599EAEE95DB8}.Debug|Any CPU.Build.0 = Debug|Any CPU
		{F95E69A2-72BE-4D0F-A4E7-599EAEE95DB8}.Release|Any CPU.ActiveCfg = Release|Any CPU
		{F95E69A2-72BE-4D0F-A4E7-599EAEE95DB8}.Release|Any CPU.Build.0 = Release|Any CPU
		{3D0BA7B2-C357-4E0A-A544-938614E75855}.Debug|Any CPU.ActiveCfg = Debug|Any CPU
		{3D0BA7B2-C357-4E0A-A544-938614E75855}.Debug|Any CPU.Build.0 = Debug|Any CPU
		{3D0BA7B2-C357-4E0A-A544-938614E75855}.Release|Any CPU.ActiveCfg = Release|Any CPU
		{3D0BA7B2-C357-4E0A-A544-938614E75855}.Release|Any CPU.Build.0 = Release|Any CPU
	EndGlobalSection
	GlobalSection(SolutionProperties) = preSolution
		HideSolutionNode = FALSE
	EndGlobalSection
	GlobalSection(NestedProjects) = preSolution
		{72A8B4B3-0D95-42F5-8D70-369AEFFA3A72} = {018718F1-3450-45C2-8DCD-9E59819E6886}
		{2A70CF07-8549-42BA-83EA-6E2F523F8D22} = {018718F1-3450-45C2-8DCD-9E59819E6886}
		{383BDA60-B2D8-459B-964A-66F1B9B88AE6} = {018718F1-3450-45C2-8DCD-9E59819E6886}
		{D20B6661-7104-489E-AB16-33BB78725681} = {2A70CF07-8549-42BA-83EA-6E2F523F8D22}
		{B1042101-1A1D-4C57-A8E1-94DBA230B9E2} = {2A70CF07-8549-42BA-83EA-6E2F523F8D22}
		{2BDCFB2F-F586-4E7A-AB13-D248CA48A3F0} = {383BDA60-B2D8-459B-964A-66F1B9B88AE6}
		{45A9F6A7-15C6-447F-8409-A5C9545E36AF} = {383BDA60-B2D8-459B-964A-66F1B9B88AE6}
		{2CB16856-DDBD-41B3-8F5B-FF840EE38444} = {383BDA60-B2D8-459B-964A-66F1B9B88AE6}
		{C8044EB4-6E76-4988-8198-CB7975E38D98} = {72A8B4B3-0D95-42F5-8D70-369AEFFA3A72}
		{F95E69A2-72BE-4D0F-A4E7-599EAEE95DB8} = {C69492D8-6CE9-4B13-A99B-2DA101D9C6FF}
		{3D0BA7B2-C357-4E0A-A544-938614E75855} = {C69492D8-6CE9-4B13-A99B-2DA101D9C6FF}
	EndGlobalSection
	GlobalSection(ExtensibilityGlobals) = postSolution
		SolutionGuid = {0B8A0712-CC1D-49E1-B5BE-91FFC15959F7}
	EndGlobalSection
EndGlobal
